
Microsoft Visual Studio Solution File, Format Version 12.00
# Visual Studio Version 16
VisualStudioVersion = 16.0.30804.86
MinimumVisualStudioVersion = 10.0.40219.1
Project("{FAE04EC0-301F-11D3-BF4B-00C04F79EFBC}") = "GC_Lab7", "GC_Lab7\GC_Lab7.csproj", "{EAD875A3-E41D-4D5C-BE41-0332594C6B8B}"
EndProject
Global
	GlobalSection(SolutionConfigurationPlatforms) = preSolution
		Debug|Any CPU = Debug|Any CPU
		Release|Any CPU = Release|Any CPU
	EndGlobalSection
	GlobalSection(ProjectConfigurationPlatforms) = postSolution
		{EAD875A3-E41D-4D5C-BE41-0332594C6B8B}.Debug|Any CPU.ActiveCfg = Debug|Any CPU
		{EAD875A3-E41D-4D5C-BE41-0332594C6B8B}.Debug|Any CPU.Build.0 = Debug|Any CPU
		{EAD875A3-E41D-4D5C-BE41-0332594C6B8B}.Release|Any CPU.ActiveCfg = Release|Any CPU
		{EAD875A3-E41D-4D5C-BE41-0332594C6B8B}.Release|Any CPU.Build.0 = Release|Any CPU
	EndGlobalSection
	GlobalSection(SolutionProperties) = preSolution
		HideSolutionNode = FALSE
	EndGlobalSection
	GlobalSection(ExtensibilityGlobals) = postSolution
		SolutionGuid = {0A96171F-5133-4A03-A656-9768B72B4DA3}
	EndGlobalSection
EndGlobal
